{
  "name": "omnilint-backend",
  "version": "1.0.0",
  "lockfileVersion": 1,
  "requires": true,
  "dependencies": {
    "omnilint": {
      "version": "0.5.25",
      "resolved": "https://registry.npmjs.org/omnilint/-/omnilint-0.5.25.tgz",
      "integrity": "sha512-WJIOh+s2eVw4mQleyIkbXAV7yIunMdPBvY1D7KVk9dJLM10ho5wbSdDTJGueS8EtJWi9XIu7brYQmxiNGGQZlA==",
      "dev": true
    }
  }
}
