{
  "name": "omnilint-backend",
  "version": "1.0.0",
  "lockfileVersion": 1,
  "requires": true,
  "dependencies": {
    "omnilint": {
      "version": "0.5.24",
      "resolved": "https://registry.npmjs.org/omnilint/-/omnilint-0.5.24.tgz",
      "integrity": "sha512-N5MA7/nht9UAWoyIUnTfsGiUs2HP5Eu4PS3nMTk+zCubneIgKU9OQwvkUk2romqdaRlqEfXdgUVxuIeg8XjN5g==",
      "dev": true
    }
  }
}
