{
  "name": "omnilint-backend",
  "version": "1.0.0",
  "lockfileVersion": 1,
  "requires": true,
  "dependencies": {
    "omnilint": {
      "version": "0.5.22",
      "resolved": "https://registry.npmjs.org/omnilint/-/omnilint-0.5.22.tgz",
      "integrity": "sha512-3BCwNvlgWSsWp343lpt9+j3J3tUnI0WptvglMKcMbCQ9Wlpesp4ZNXEa3grKcMLvbWcnxKCb38ZWrSgrae7ybQ==",
      "dev": true
    }
  }
}
