# THIS IS AN AUTOGENERATED FILE. DO NOT EDIT THIS FILE DIRECTLY.
# yarn lockfile v1


omnilint@^0.5.23:
  version "0.5.23"
  resolved "https://registry.yarnpkg.com/omnilint/-/omnilint-0.5.23.tgz#2c0cd658a58eb1c5a509d50cb243b822b0ec7d9f"
  integrity sha512-G6Utsjt3Z4hfL3gEPa/z2Kx3i17IRZ68SUW/i1Nh/9W8DfwhR73NwMjRN6XnCFlHXQb94uifbJL9n5sUOoilNQ==
