# THIS IS AN AUTOGENERATED FILE. DO NOT EDIT THIS FILE DIRECTLY.
# yarn lockfile v1


omnilint@^0.1.0:
  version "0.1.0"
  resolved "https://registry.yarnpkg.com/omnilint/-/omnilint-0.1.0.tgz#68dd406d10be385a62b2f82e3de6b7721d936899"
  integrity sha512-jCoWGAkiuSYgjXPv9bgjaGrjVGEVCySjGTpJXD5w0x2vcStKiVgPgJyIw1CB7CKvvFsKFO1yuSWxYiIBdG4l6A==
